
Microsoft Visual Studio Solution File, Format Version 12.00
# Visual Studio 15
VisualStudioVersion = 15.0.28307.421
MinimumVisualStudioVersion = 10.0.40219.1
Project("{FAE04EC0-301F-11D3-BF4B-00C04F79EFBC}") = "StevenBjones.Aandeelbeheer.App", "StevenBjones.Aandeelbeheer\StevenBjones.Aandeelbeheer.App.csproj", "{17E04BB7-364B-453C-A0CF-262D99B8635C}"
EndProject
Project("{FAE04EC0-301F-11D3-BF4B-00C04F79EFBC}") = "StevenBjones.Aandeelbeheer.Data", "StevenBjones.Aandeelbeheer.Data\StevenBjones.Aandeelbeheer.Data.csproj", "{5EC836BE-46BC-48F8-B0E6-589CBC625B04}"
EndProject
Project("{FAE04EC0-301F-11D3-BF4B-00C04F79EFBC}") = "StevenBjones.Common", "StevenBjones.Common\StevenBjones.Common.csproj", "{3E358DB6-11FD-4EE8-8119-8CA25040B83D}"
EndProject
Global
	GlobalSection(SolutionConfigurationPlatforms) = preSolution
		Debug|Any CPU = Debug|Any CPU
		Release|Any CPU = Release|Any CPU
	EndGlobalSection
	GlobalSection(ProjectConfigurationPlatforms) = postSolution
		{17E04BB7-364B-453C-A0CF-262D99B8635C}.Debug|Any CPU.ActiveCfg = Debug|Any CPU
		{17E04BB7-364B-453C-A0CF-262D99B8635C}.Debug|Any CPU.Build.0 = Debug|Any CPU
		{17E04BB7-364B-453C-A0CF-262D99B8635C}.Release|Any CPU.ActiveCfg = Release|Any CPU
		{17E04BB7-364B-453C-A0CF-262D99B8635C}.Release|Any CPU.Build.0 = Release|Any CPU
		{5EC836BE-46BC-48F8-B0E6-589CBC625B04}.Debug|Any CPU.ActiveCfg = Debug|Any CPU
		{5EC836BE-46BC-48F8-B0E6-589CBC625B04}.Debug|Any CPU.Build.0 = Debug|Any CPU
		{5EC836BE-46BC-48F8-B0E6-589CBC625B04}.Release|Any CPU.ActiveCfg = Release|Any CPU
		{5EC836BE-46BC-48F8-B0E6-589CBC625B04}.Release|Any CPU.Build.0 = Release|Any CPU
		{3E358DB6-11FD-4EE8-8119-8CA25040B83D}.Debug|Any CPU.ActiveCfg = Debug|Any CPU
		{3E358DB6-11FD-4EE8-8119-8CA25040B83D}.Debug|Any CPU.Build.0 = Debug|Any CPU
		{3E358DB6-11FD-4EE8-8119-8CA25040B83D}.Release|Any CPU.ActiveCfg = Release|Any CPU
		{3E358DB6-11FD-4EE8-8119-8CA25040B83D}.Release|Any CPU.Build.0 = Release|Any CPU
	EndGlobalSection
	GlobalSection(SolutionProperties) = preSolution
		HideSolutionNode = FALSE
	EndGlobalSection
	GlobalSection(ExtensibilityGlobals) = postSolution
		SolutionGuid = {FCAB8521-C260-4E19-8755-338848AF80C4}
	EndGlobalSection
EndGlobal
